# This file is automatically @generated by Poetry 1.4.2 and should not be changed by hand.

[[package]]
name = "tomlkit"
version = "0.11.7"
description = "Style preserving TOML library"
category = "main"
optional = false
python-versions = ">=3.7"
files = [
    {file = "tomlkit-0.11.7-py3-none-any.whl", hash = "sha256:5325463a7da2ef0c6bbfefb62a3dc883aebe679984709aee32a317907d0a8d3c"},
    {file = "tomlkit-0.11.7.tar.gz", hash = "sha256:f392ef70ad87a672f02519f99967d28a4d3047133e2d1df936511465fbb3791d"},
]

[metadata]
lock-version = "2.0"
python-versions = "^3.10"
content-hash = "84074496ab66f727c5e600ae3b9bb09525f3ded08484016351257703183551ba"
